
Microsoft Visual Studio Solution File, Format Version 12.00
# Visual Studio 15
VisualStudioVersion = 15.0.27428.2015
MinimumVisualStudioVersion = 10.0.40219.1
Project("{FAE04EC0-301F-11D3-BF4B-00C04F79EFBC}") = "Snake", "Snake\Snake.csproj", "{7E3EA3CC-1FE3-426B-B0EC-A7220966246C}"
EndProject
Project("{FAE04EC0-301F-11D3-BF4B-00C04F79EFBC}") = "Cubes", "Cubes\Cubes.csproj", "{C339A1F0-63DE-4B8A-A965-5FFD081E9E3A}"
EndProject
Project("{FAE04EC0-301F-11D3-BF4B-00C04F79EFBC}") = "permutautonNoRep", "permutautonNoRep\permutautonNoRep.csproj", "{A1BDFDC7-0824-4D27-B228-E74E3DB08DE7}"
EndProject
Global
	GlobalSection(SolutionConfigurationPlatforms) = preSolution
		Debug|Any CPU = Debug|Any CPU
		Release|Any CPU = Release|Any CPU
	EndGlobalSection
	GlobalSection(ProjectConfigurationPlatforms) = postSolution
		{7E3EA3CC-1FE3-426B-B0EC-A7220966246C}.Debug|Any CPU.ActiveCfg = Debug|Any CPU
		{7E3EA3CC-1FE3-426B-B0EC-A7220966246C}.Debug|Any CPU.Build.0 = Debug|Any CPU
		{7E3EA3CC-1FE3-426B-B0EC-A7220966246C}.Release|Any CPU.ActiveCfg = Release|Any CPU
		{7E3EA3CC-1FE3-426B-B0EC-A7220966246C}.Release|Any CPU.Build.0 = Release|Any CPU
		{C339A1F0-63DE-4B8A-A965-5FFD081E9E3A}.Debug|Any CPU.ActiveCfg = Debug|Any CPU
		{C339A1F0-63DE-4B8A-A965-5FFD081E9E3A}.Debug|Any CPU.Build.0 = Debug|Any CPU
		{C339A1F0-63DE-4B8A-A965-5FFD081E9E3A}.Release|Any CPU.ActiveCfg = Release|Any CPU
		{C339A1F0-63DE-4B8A-A965-5FFD081E9E3A}.Release|Any CPU.Build.0 = Release|Any CPU
		{A1BDFDC7-0824-4D27-B228-E74E3DB08DE7}.Debug|Any CPU.ActiveCfg = Debug|Any CPU
		{A1BDFDC7-0824-4D27-B228-E74E3DB08DE7}.Debug|Any CPU.Build.0 = Debug|Any CPU
		{A1BDFDC7-0824-4D27-B228-E74E3DB08DE7}.Release|Any CPU.ActiveCfg = Release|Any CPU
		{A1BDFDC7-0824-4D27-B228-E74E3DB08DE7}.Release|Any CPU.Build.0 = Release|Any CPU
	EndGlobalSection
	GlobalSection(SolutionProperties) = preSolution
		HideSolutionNode = FALSE
	EndGlobalSection
	GlobalSection(ExtensibilityGlobals) = postSolution
		SolutionGuid = {EA234E4F-C970-416B-A104-723788DCE732}
	EndGlobalSection
EndGlobal
